# This file was autogenerated by Stack.
# You should not edit this file by hand.
# For more information, please see the documentation at:
#   https://docs.haskellstack.org/en/stable/lock_files

packages:
- completed:
    hackage: refined-0.4.4@sha256:c387bd725ecb18f8ec93b2271b53604f2ed70f7e2fc548dc5f2f1991d4cd9ee0,2776
    pantry-tree:
      size: 788
      sha256: 8e5a9d4797cee5cd94f5791529d1628cf0714c43c442022cbc89cfb76e340111
  original:
    hackage: refined-0.4.4
- completed:
    hackage: vinyl-0.12.1@sha256:03f5e246fae2434250987bbfe708015dc6e23f60c20739c34738acde1383b96c,3921
    pantry-tree:
      size: 1857
      sha256: 09713e6b691cb2a713104301079c692e72d8bdcbde23f90d510ba3f606263044
  original:
    hackage: vinyl-0.12.1
snapshots:
- completed:
    size: 491387
    url: https://raw.githubusercontent.com/commercialhaskell/stackage-snapshots/master/lts/15/6.yaml
    sha256: 8d81505a6de861e167a58534ab62330afb75bfa108735c7db1204f7ef2a39d79
  original: lts-15.6
